
Microsoft Visual Studio Solution File, Format Version 12.00
# Visual Studio Version 17
VisualStudioVersion = 17.13.35825.156 d17.13
MinimumVisualStudioVersion = 10.0.40219.1
Project("{F2A71F9B-5D33-465A-A702-920D77279786}") = "2.Задание 2", "2.Задание 2.fsproj", "{59092871-3074-4773-90BC-7B988EAF3352}"
EndProject
Global
	GlobalSection(SolutionConfigurationPlatforms) = preSolution
		Debug|Any CPU = Debug|Any CPU
		Release|Any CPU = Release|Any CPU
	EndGlobalSection
	GlobalSection(ProjectConfigurationPlatforms) = postSolution
		{59092871-3074-4773-90BC-7B988EAF3352}.Debug|Any CPU.ActiveCfg = Debug|Any CPU
		{59092871-3074-4773-90BC-7B988EAF3352}.Debug|Any CPU.Build.0 = Debug|Any CPU
		{59092871-3074-4773-90BC-7B988EAF3352}.Release|Any CPU.ActiveCfg = Release|Any CPU
		{59092871-3074-4773-90BC-7B988EAF3352}.Release|Any CPU.Build.0 = Release|Any CPU
	EndGlobalSection
	GlobalSection(SolutionProperties) = preSolution
		HideSolutionNode = FALSE
	EndGlobalSection
	GlobalSection(ExtensibilityGlobals) = postSolution
		SolutionGuid = {C105ACBE-3D68-4A70-B597-39C0BEA4A01D}
	EndGlobalSection
EndGlobal
